
Microsoft Visual Studio Solution File, Format Version 12.00
# Visual Studio 15
VisualStudioVersion = 15.0.26730.16
MinimumVisualStudioVersion = 10.0.40219.1
Project("{FAE04EC0-301F-11D3-BF4B-00C04F79EFBC}") = "VapeBlogger", "VapeBlogger\VapeBlogger.csproj", "{6836F989-3C60-423C-AD48-57A8ADE6812F}"
EndProject
Global
	GlobalSection(SolutionConfigurationPlatforms) = preSolution
		Debug|Any CPU = Debug|Any CPU
		Release|Any CPU = Release|Any CPU
	EndGlobalSection
	GlobalSection(ProjectConfigurationPlatforms) = postSolution
		{6836F989-3C60-423C-AD48-57A8ADE6812F}.Debug|Any CPU.ActiveCfg = Debug|Any CPU
		{6836F989-3C60-423C-AD48-57A8ADE6812F}.Debug|Any CPU.Build.0 = Debug|Any CPU
		{6836F989-3C60-423C-AD48-57A8ADE6812F}.Release|Any CPU.ActiveCfg = Release|Any CPU
		{6836F989-3C60-423C-AD48-57A8ADE6812F}.Release|Any CPU.Build.0 = Release|Any CPU
	EndGlobalSection
	GlobalSection(SolutionProperties) = preSolution
		HideSolutionNode = FALSE
	EndGlobalSection
	GlobalSection(ExtensibilityGlobals) = postSolution
		SolutionGuid = {F247173E-2EB5-4ABA-B581-7BB2DEF20F58}
	EndGlobalSection
EndGlobal
